
Microsoft Visual Studio Solution File, Format Version 12.00
# Visual Studio Version 17
VisualStudioVersion = 17.4.33213.308
MinimumVisualStudioVersion = 10.0.40219.1
Project("{FAE04EC0-301F-11D3-BF4B-00C04F79EFBC}") = "WebApplication3", "WebApplication3\WebApplication3.csproj", "{525B3B41-6494-4DFF-8FFB-3FAF48C688DF}"
EndProject
Global
	GlobalSection(SolutionConfigurationPlatforms) = preSolution
		Debug|Any CPU = Debug|Any CPU
		Release|Any CPU = Release|Any CPU
	EndGlobalSection
	GlobalSection(ProjectConfigurationPlatforms) = postSolution
		{525B3B41-6494-4DFF-8FFB-3FAF48C688DF}.Debug|Any CPU.ActiveCfg = Debug|Any CPU
		{525B3B41-6494-4DFF-8FFB-3FAF48C688DF}.Debug|Any CPU.Build.0 = Debug|Any CPU
		{525B3B41-6494-4DFF-8FFB-3FAF48C688DF}.Release|Any CPU.ActiveCfg = Release|Any CPU
		{525B3B41-6494-4DFF-8FFB-3FAF48C688DF}.Release|Any CPU.Build.0 = Release|Any CPU
	EndGlobalSection
	GlobalSection(SolutionProperties) = preSolution
		HideSolutionNode = FALSE
	EndGlobalSection
	GlobalSection(ExtensibilityGlobals) = postSolution
		SolutionGuid = {D44F7339-26AD-416A-8AC1-B432008FFA10}
	EndGlobalSection
EndGlobal
